
Microsoft Visual Studio Solution File, Format Version 12.00
# Visual Studio 15
VisualStudioVersion = 15.0.28307.329
MinimumVisualStudioVersion = 10.0.40219.1
Project("{8BC9CEB8-8B4A-11D0-8D11-00A0C91BC942}") = "Zadatak1", "Vjezba2\Vjezba2.vcxproj", "{10DFCD6A-031D-40DB-A422-DEFA776287CF}"
EndProject
Project("{8BC9CEB8-8B4A-11D0-8D11-00A0C91BC942}") = "Zadatak2", "Zadatak2\Zadatak2.vcxproj", "{22029372-571F-467A-B605-90919DA0334B}"
EndProject
Project("{8BC9CEB8-8B4A-11D0-8D11-00A0C91BC942}") = "Zadatak3", "Zadatak3\Zadatak3.vcxproj", "{D8BCAEFE-0C4A-4011-9CBA-78087CA6D66B}"
EndProject
Global
	GlobalSection(SolutionConfigurationPlatforms) = preSolution
		Debug|x64 = Debug|x64
		Debug|x86 = Debug|x86
		Release|x64 = Release|x64
		Release|x86 = Release|x86
	EndGlobalSection
	GlobalSection(ProjectConfigurationPlatforms) = postSolution
		{10DFCD6A-031D-40DB-A422-DEFA776287CF}.Debug|x64.ActiveCfg = Debug|x64
		{10DFCD6A-031D-40DB-A422-DEFA776287CF}.Debug|x64.Build.0 = Debug|x64
		{10DFCD6A-031D-40DB-A422-DEFA776287CF}.Debug|x86.ActiveCfg = Debug|Win32
		{10DFCD6A-031D-40DB-A422-DEFA776287CF}.Debug|x86.Build.0 = Debug|Win32
		{10DFCD6A-031D-40DB-A422-DEFA776287CF}.Release|x64.ActiveCfg = Release|x64
		{10DFCD6A-031D-40DB-A422-DEFA776287CF}.Release|x64.Build.0 = Release|x64
		{10DFCD6A-031D-40DB-A422-DEFA776287CF}.Release|x86.ActiveCfg = Release|Win32
		{10DFCD6A-031D-40DB-A422-DEFA776287CF}.Release|x86.Build.0 = Release|Win32
		{22029372-571F-467A-B605-90919DA0334B}.Debug|x64.ActiveCfg = Debug|x64
		{22029372-571F-467A-B605-90919DA0334B}.Debug|x64.Build.0 = Debug|x64
		{22029372-571F-467A-B605-90919DA0334B}.Debug|x86.ActiveCfg = Debug|Win32
		{22029372-571F-467A-B605-90919DA0334B}.Debug|x86.Build.0 = Debug|Win32
		{22029372-571F-467A-B605-90919DA0334B}.Release|x64.ActiveCfg = Release|x64
		{22029372-571F-467A-B605-90919DA0334B}.Release|x64.Build.0 = Release|x64
		{22029372-571F-467A-B605-90919DA0334B}.Release|x86.ActiveCfg = Release|Win32
		{22029372-571F-467A-B605-90919DA0334B}.Release|x86.Build.0 = Release|Win32
		{D8BCAEFE-0C4A-4011-9CBA-78087CA6D66B}.Debug|x64.ActiveCfg = Debug|x64
		{D8BCAEFE-0C4A-4011-9CBA-78087CA6D66B}.Debug|x64.Build.0 = Debug|x64
		{D8BCAEFE-0C4A-4011-9CBA-78087CA6D66B}.Debug|x86.ActiveCfg = Debug|Win32
		{D8BCAEFE-0C4A-4011-9CBA-78087CA6D66B}.Debug|x86.Build.0 = Debug|Win32
		{D8BCAEFE-0C4A-4011-9CBA-78087CA6D66B}.Release|x64.ActiveCfg = Release|x64
		{D8BCAEFE-0C4A-4011-9CBA-78087CA6D66B}.Release|x64.Build.0 = Release|x64
		{D8BCAEFE-0C4A-4011-9CBA-78087CA6D66B}.Release|x86.ActiveCfg = Release|Win32
		{D8BCAEFE-0C4A-4011-9CBA-78087CA6D66B}.Release|x86.Build.0 = Release|Win32
	EndGlobalSection
	GlobalSection(SolutionProperties) = preSolution
		HideSolutionNode = FALSE
	EndGlobalSection
	GlobalSection(ExtensibilityGlobals) = postSolution
		SolutionGuid = {D2D00972-85D1-4344-84C0-69904FAF8267}
	EndGlobalSection
EndGlobal
