
Microsoft Visual Studio Solution File, Format Version 12.00
# Visual Studio 15
VisualStudioVersion = 15.0.28307.329
MinimumVisualStudioVersion = 10.0.40219.1
Project("{8BC9CEB8-8B4A-11D0-8D11-00A0C91BC942}") = "Zadatak1", "Zadatak1\Zadatak1.vcxproj", "{DFF8BDCC-CA50-47E9-83EC-8F663EEE7D24}"
EndProject
Project("{8BC9CEB8-8B4A-11D0-8D11-00A0C91BC942}") = "Zadatak3", "Zadatak3\Zadatak3.vcxproj", "{B97E36D7-049F-479B-98D0-D0219D910595}"
EndProject
Project("{8BC9CEB8-8B4A-11D0-8D11-00A0C91BC942}") = "Zadatak2", "Zadatak2\Zadatak2.vcxproj", "{745E6C57-5BE5-4C61-9BFD-8F8DA3A16278}"
EndProject
Global
	GlobalSection(SolutionConfigurationPlatforms) = preSolution
		Debug|x64 = Debug|x64
		Debug|x86 = Debug|x86
		Release|x64 = Release|x64
		Release|x86 = Release|x86
	EndGlobalSection
	GlobalSection(ProjectConfigurationPlatforms) = postSolution
		{DFF8BDCC-CA50-47E9-83EC-8F663EEE7D24}.Debug|x64.ActiveCfg = Debug|x64
		{DFF8BDCC-CA50-47E9-83EC-8F663EEE7D24}.Debug|x64.Build.0 = Debug|x64
		{DFF8BDCC-CA50-47E9-83EC-8F663EEE7D24}.Debug|x86.ActiveCfg = Debug|Win32
		{DFF8BDCC-CA50-47E9-83EC-8F663EEE7D24}.Debug|x86.Build.0 = Debug|Win32
		{DFF8BDCC-CA50-47E9-83EC-8F663EEE7D24}.Release|x64.ActiveCfg = Release|x64
		{DFF8BDCC-CA50-47E9-83EC-8F663EEE7D24}.Release|x64.Build.0 = Release|x64
		{DFF8BDCC-CA50-47E9-83EC-8F663EEE7D24}.Release|x86.ActiveCfg = Release|Win32
		{DFF8BDCC-CA50-47E9-83EC-8F663EEE7D24}.Release|x86.Build.0 = Release|Win32
		{B97E36D7-049F-479B-98D0-D0219D910595}.Debug|x64.ActiveCfg = Debug|x64
		{B97E36D7-049F-479B-98D0-D0219D910595}.Debug|x64.Build.0 = Debug|x64
		{B97E36D7-049F-479B-98D0-D0219D910595}.Debug|x86.ActiveCfg = Debug|Win32
		{B97E36D7-049F-479B-98D0-D0219D910595}.Debug|x86.Build.0 = Debug|Win32
		{B97E36D7-049F-479B-98D0-D0219D910595}.Release|x64.ActiveCfg = Release|x64
		{B97E36D7-049F-479B-98D0-D0219D910595}.Release|x64.Build.0 = Release|x64
		{B97E36D7-049F-479B-98D0-D0219D910595}.Release|x86.ActiveCfg = Release|Win32
		{B97E36D7-049F-479B-98D0-D0219D910595}.Release|x86.Build.0 = Release|Win32
		{745E6C57-5BE5-4C61-9BFD-8F8DA3A16278}.Debug|x64.ActiveCfg = Debug|x64
		{745E6C57-5BE5-4C61-9BFD-8F8DA3A16278}.Debug|x64.Build.0 = Debug|x64
		{745E6C57-5BE5-4C61-9BFD-8F8DA3A16278}.Debug|x86.ActiveCfg = Debug|Win32
		{745E6C57-5BE5-4C61-9BFD-8F8DA3A16278}.Debug|x86.Build.0 = Debug|Win32
		{745E6C57-5BE5-4C61-9BFD-8F8DA3A16278}.Release|x64.ActiveCfg = Release|x64
		{745E6C57-5BE5-4C61-9BFD-8F8DA3A16278}.Release|x64.Build.0 = Release|x64
		{745E6C57-5BE5-4C61-9BFD-8F8DA3A16278}.Release|x86.ActiveCfg = Release|Win32
		{745E6C57-5BE5-4C61-9BFD-8F8DA3A16278}.Release|x86.Build.0 = Release|Win32
	EndGlobalSection
	GlobalSection(SolutionProperties) = preSolution
		HideSolutionNode = FALSE
	EndGlobalSection
	GlobalSection(ExtensibilityGlobals) = postSolution
		SolutionGuid = {F693F467-8A18-4585-B784-1E62BFEFE1F2}
	EndGlobalSection
EndGlobal
